// !$*UTF8*$!
{
	archiveVersion = 1;
	classes = {
	};
	objectVersion = 50;
	objects = {

/* Begin PBXBuildFile section */
		A979918C2342B8A9007063F9 /* AppDelegate.swift in Sources */ = {isa = PBXBuildFile; fileRef = A979918B2342B8A9007063F9 /* AppDelegate.swift */; };
		A979918E2342B8A9007063F9 /* SceneDelegate.swift in Sources */ = {isa = PBXBuildFile; fileRef = A979918D2342B8A9007063F9 /* SceneDelegate.swift */; };
		A97991902342B8A9007063F9 /* NotesListViewController.swift in Sources */ = {isa = PBXBuildFile; fileRef = A979918F2342B8A9007063F9 /* NotesListViewController.swift */; };
		A97991932342B8A9007063F9 /* Main.storyboard in Resources */ = {isa = PBXBuildFile; fileRef = A97991912342B8A9007063F9 /* Main.storyboard */; };
		A97991952342B8AC007063F9 /* Assets.xcassets in Resources */ = {isa = PBXBuildFile; fileRef = A97991942342B8AC007063F9 /* Assets.xcassets */; };
		A97991982342B8AC007063F9 /* LaunchScreen.storyboard in Resources */ = {isa = PBXBuildFile; fileRef = A97991962342B8AC007063F9 /* LaunchScreen.storyboard */; };
		A97991A12342BDA9007063F9 /* Note.swift in Sources */ = {isa = PBXBuildFile; fileRef = A97991A02342BDA9007063F9 /* Note.swift */; };
		A97991A42342BEAC007063F9 /* NoteTableViewCell.swift in Sources */ = {isa = PBXBuildFile; fileRef = A97991A32342BEAB007063F9 /* NoteTableViewCell.swift */; };
/* End PBXBuildFile section */

/* Begin PBXFileReference section */
		A97991882342B8A9007063F9 /* Notto.app */ = {isa = PBXFileReference; explicitFileType = wrapper.application; includeInIndex = 0; path = Notto.app; sourceTree = BUILT_PRODUCTS_DIR; };
		A979918B2342B8A9007063F9 /* AppDelegate.swift */ = {isa = PBXFileReference; lastKnownFileType = sourcecode.swift; path = AppDelegate.swift; sourceTree = "<group>"; };
		A979918D2342B8A9007063F9 /* SceneDelegate.swift */ = {isa = PBXFileReference; lastKnownFileType = sourcecode.swift; path = SceneDelegate.swift; sourceTree = "<group>"; };
		A979918F2342B8A9007063F9 /* NotesListViewController.swift */ = {isa = PBXFileReference; lastKnownFileType = sourcecode.swift; path = NotesListViewController.swift; sourceTree = "<group>"; };
		A97991922342B8A9007063F9 /* Base */ = {isa = PBXFileReference; lastKnownFileType = file.storyboard; name = Base; path = Base.lproj/Main.storyboard; sourceTree = "<group>"; };
		A97991942342B8AC007063F9 /* Assets.xcassets */ = {isa = PBXFileReference; lastKnownFileType = folder.assetcatalog; path = Assets.xcassets; sourceTree = "<group>"; };
		A97991972342B8AC007063F9 /* Base */ = {isa = PBXFileReference; lastKnownFileType = file.storyboard; name = Base; path = Base.lproj/LaunchScreen.storyboard; sourceTree = "<group>"; };
		A97991992342B8AC007063F9 /* Info.plist */ = {isa = PBXFileReference; lastKnownFileType = text.plist.xml; path = Info.plist; sourceTree = "<group>"; };
		A97991A02342BDA9007063F9 /* Note.swift */ = {isa = PBXFileReference; lastKnownFileType = sourcecode.swift; path = Note.swift; sourceTree = "<group>"; };
		A97991A32342BEAB007063F9 /* NoteTableViewCell.swift */ = {isa = PBXFileReference; lastKnownFileType = sourcecode.swift; path = NoteTableViewCell.swift; sourceTree = "<group>"; };
/* End PBXFileReference section */

/* Begin PBXFrameworksBuildPhase section */
		A97991852342B8A9007063F9 /* Frameworks */ = {
			isa = PBXFrameworksBuildPhase;
			buildActionMask = 2147483647;
			files = (
			);
			runOnlyForDeploymentPostprocessing = 0;
		};
/* End PBXFrameworksBuildPhase section */

/* Begin PBXGroup section */
		A979917F2342B8A9007063F9 = {
			isa = PBXGroup;
			children = (
				A979918A2342B8A9007063F9 /* Notto */,
				A97991892342B8A9007063F9 /* Products */,
			);
			sourceTree = "<group>";
		};
		A97991892342B8A9007063F9 /* Products */ = {
			isa = PBXGroup;
			children = (
				A97991882342B8A9007063F9 /* Notto.app */,
			);
			name = Products;
			sourceTree = "<group>";
		};
		A979918A2342B8A9007063F9 /* Notto */ = {
			isa = PBXGroup;
			children = (
				A97991A22342BE8B007063F9 /* Views */,
				A979919F2342BDA1007063F9 /* Model */,
				A979918B2342B8A9007063F9 /* AppDelegate.swift */,
				A979918D2342B8A9007063F9 /* SceneDelegate.swift */,
				A979918F2342B8A9007063F9 /* NotesListViewController.swift */,
				A97991912342B8A9007063F9 /* Main.storyboard */,
				A97991942342B8AC007063F9 /* Assets.xcassets */,
				A97991962342B8AC007063F9 /* LaunchScreen.storyboard */,
				A97991992342B8AC007063F9 /* Info.plist */,
			);
			path = Notto;
			sourceTree = "<group>";
		};
		A979919F2342BDA1007063F9 /* Model */ = {
			isa = PBXGroup;
			children = (
				A97991A02342BDA9007063F9 /* Note.swift */,
			);
			path = Model;
			sourceTree = "<group>";
		};
		A97991A22342BE8B007063F9 /* Views */ = {
			isa = PBXGroup;
			children = (
				A97991A32342BEAB007063F9 /* NoteTableViewCell.swift */,
			);
			path = Views;
			sourceTree = "<group>";
		};
/* End PBXGroup section */

/* Begin PBXNativeTarget section */
		A97991872342B8A9007063F9 /* Notto */ = {
			isa = PBXNativeTarget;
			buildConfigurationList = A979919C2342B8AC007063F9 /* Build configuration list for PBXNativeTarget "Notto" */;
			buildPhases = (
				A97991842342B8A9007063F9 /* Sources */,
				A97991852342B8A9007063F9 /* Frameworks */,
				A97991862342B8A9007063F9 /* Resources */,
			);
			buildRules = (
			);
			dependencies = (
			);
			name = Notto;
			productName = Notto;
			productReference = A97991882342B8A9007063F9 /* Notto.app */;
			productType = "com.apple.product-type.application";
		};
/* End PBXNativeTarget section */

/* Begin PBXProject section */
		A97991802342B8A9007063F9 /* Project object */ = {
			isa = PBXProject;
			attributes = {
				LastSwiftUpdateCheck = 1100;
				LastUpgradeCheck = 1100;
				ORGANIZATIONNAME = "Juan Francisco Dorado Torres";
				TargetAttributes = {
					A97991872342B8A9007063F9 = {
						CreatedOnToolsVersion = 11.0;
					};
				};
			};
			buildConfigurationList = A97991832342B8A9007063F9 /* Build configuration list for PBXProject "Notto" */;
			compatibilityVersion = "Xcode 9.3";
			developmentRegion = en;
			hasScannedForEncodings = 0;
			knownRegions = (
				en,
				Base,
			);
			mainGroup = A979917F2342B8A9007063F9;
			productRefGroup = A97991892342B8A9007063F9 /* Products */;
			projectDirPath = "";
			projectRoot = "";
			targets = (
				A97991872342B8A9007063F9 /* Notto */,
			);
		};
/* End PBXProject section */

/* Begin PBXResourcesBuildPhase section */
		A97991862342B8A9007063F9 /* Resources */ = {
			isa = PBXResourcesBuildPhase;
			buildActionMask = 2147483647;
			files = (
				A97991982342B8AC007063F9 /* LaunchScreen.storyboard in Resources */,
				A97991952342B8AC007063F9 /* Assets.xcassets in Resources */,
				A97991932342B8A9007063F9 /* Main.storyboard in Resources */,
			);
			runOnlyForDeploymentPostprocessing = 0;
		};
/* End PBXResourcesBuildPhase section */

/* Begin PBXSourcesBuildPhase section */
		A97991842342B8A9007063F9 /* Sources */ = {
			isa = PBXSourcesBuildPhase;
			buildActionMask = 2147483647;
			files = (
				A97991902342B8A9007063F9 /* NotesListViewController.swift in Sources */,
				A979918C2342B8A9007063F9 /* AppDelegate.swift in Sources */,
				A979918E2342B8A9007063F9 /* SceneDelegate.swift in Sources */,
				A97991A42342BEAC007063F9 /* NoteTableViewCell.swift in Sources */,
				A97991A12342BDA9007063F9 /* Note.swift in Sources */,
			);
			runOnlyForDeploymentPostprocessing = 0;
		};
/* End PBXSourcesBuildPhase section */

/* Begin PBXVariantGroup section */
		A97991912342B8A9007063F9 /* Main.storyboard */ = {
			isa = PBXVariantGroup;
			children = (
				A97991922342B8A9007063F9 /* Base */,
			);
			name = Main.storyboard;
			sourceTree = "<group>";
		};
		A97991962342B8AC007063F9 /* LaunchScreen.storyboard */ = {
			isa = PBXVariantGroup;
			children = (
				A97991972342B8AC007063F9 /* Base */,
			);
			name = LaunchScreen.storyboard;
			sourceTree = "<group>";
		};
/* End PBXVariantGroup section */

/* Begin XCBuildConfiguration section */
		A979919A2342B8AC007063F9 /* Debug */ = {
			isa = XCBuildConfiguration;
			buildSettings = {
				ALWAYS_SEARCH_USER_PATHS = NO;
				CLANG_ANALYZER_NONNULL = YES;
				CLANG_ANALYZER_NUMBER_OBJECT_CONVERSION = YES_AGGRESSIVE;
				CLANG_CXX_LANGUAGE_STANDARD = "gnu++14";
				CLANG_CXX_LIBRARY = "libc++";
				CLANG_ENABLE_MODULES = YES;
				CLANG_ENABLE_OBJC_ARC = YES;
				CLANG_ENABLE_OBJC_WEAK = YES;
				CLANG_WARN_BLOCK_CAPTURE_AUTORELEASING = YES;
				CLANG_WARN_BOOL_CONVERSION = YES;
				CLANG_WARN_COMMA = YES;
				CLANG_WARN_CONSTANT_CONVERSION = YES;
				CLANG_WARN_DEPRECATED_OBJC_IMPLEMENTATIONS = YES;
				CLANG_WARN_DIRECT_OBJC_ISA_USAGE = YES_ERROR;
				CLANG_WARN_DOCUMENTATION_COMMENTS = YES;
				CLANG_WARN_EMPTY_BODY = YES;
				CLANG_WARN_ENUM_CONVERSION = YES;
				CLANG_WARN_INFINITE_RECURSION = YES;
				CLANG_WARN_INT_CONVERSION = YES;
				CLANG_WARN_NON_LITERAL_NULL_CONVERSION = YES;
				CLANG_WARN_OBJC_IMPLICIT_RETAIN_SELF = YES;
				CLANG_WARN_OBJC_LITERAL_CONVERSION = YES;
				CLANG_WARN_OBJC_ROOT_CLASS = YES_ERROR;
				CLANG_WARN_RANGE_LOOP_ANALYSIS = YES;
				CLANG_WARN_STRICT_PROTOTYPES = YES;
				CLANG_WARN_SUSPICIOUS_MOVE = YES;
				CLANG_WARN_UNGUARDED_AVAILABILITY = YES_AGGRESSIVE;
				CLANG_WARN_UNREACHABLE_CODE = YES;
				CLANG_WARN__DUPLICATE_METHOD_MATCH = YES;
				COPY_PHASE_STRIP = NO;
				DEBUG_INFORMATION_FORMAT = dwarf;
				ENABLE_STRICT_OBJC_MSGSEND = YES;
				ENABLE_TESTABILITY = YES;
				GCC_C_LANGUAGE_STANDARD = gnu11;
				GCC_DYNAMIC_NO_PIC = NO;
				GCC_NO_COMMON_BLOCKS = YES;
				GCC_OPTIMIZATION_LEVEL = 0;
				GCC_PREPROCESSOR_DEFINITIONS = (
					"DEBUG=1",
					"$(inherited)",
				);
				GCC_WARN_64_TO_32_BIT_CONVERSION = YES;
				GCC_WARN_ABOUT_RETURN_TYPE = YES_ERROR;
				GCC_WARN_UNDECLARED_SELECTOR = YES;
				GCC_WARN_UNINITIALIZED_AUTOS = YES_AGGRESSIVE;
				GCC_WARN_UNUSED_FUNCTION = YES;
				GCC_WARN_UNUSED_VARIABLE = YES;
				IPHONEOS_DEPLOYMENT_TARGET = 13.0;
				MTL_ENABLE_DEBUG_INFO = INCLUDE_SOURCE;
				MTL_FAST_MATH = YES;
				ONLY_ACTIVE_ARCH = YES;
				SDKROOT = iphoneos;
				SWIFT_ACTIVE_COMPILATION_CONDITIONS = DEBUG;
				SWIFT_OPTIMIZATION_LEVEL = "-Onone";
			};
			name = Debug;
		};
		A979919B2342B8AC007063F9 /* Release */ = {
			isa = XCBuildConfiguration;
			buildSettings = {
				ALWAYS_SEARCH_USER_PATHS = NO;
				CLANG_ANALYZER_NONNULL = YES;
				CLANG_ANALYZER_NUMBER_OBJECT_CONVERSION = YES_AGGRESSIVE;
				CLANG_CXX_LANGUAGE_STANDARD = "gnu++14";
				CLANG_CXX_LIBRARY = "libc++";
				CLANG_ENABLE_MODULES = YES;
				CLANG_ENABLE_OBJC_ARC = YES;
				CLANG_ENABLE_OBJC_WEAK = YES;
				CLANG_WARN_BLOCK_CAPTURE_AUTORELEASING = YES;
				CLANG_WARN_BOOL_CONVERSION = YES;
				CLANG_WARN_COMMA = YES;
				CLANG_WARN_CONSTANT_CONVERSION = YES;
				CLANG_WARN_DEPRECATED_OBJC_IMPLEMENTATIONS = YES;
				CLANG_WARN_DIRECT_OBJC_ISA_USAGE = YES_ERROR;
				CLANG_WARN_DOCUMENTATION_COMMENTS = YES;
				CLANG_WARN_EMPTY_BODY = YES;
				CLANG_WARN_ENUM_CONVERSION = YES;
				CLANG_WARN_INFINITE_RECURSION = YES;
				CLANG_WARN_INT_CONVERSION = YES;
				CLANG_WARN_NON_LITERAL_NULL_CONVERSION = YES;
				CLANG_WARN_OBJC_IMPLICIT_RETAIN_SELF = YES;
				CLANG_WARN_OBJC_LITERAL_CONVERSION = YES;
				CLANG_WARN_OBJC_ROOT_CLASS = YES_ERROR;
				CLANG_WARN_RANGE_LOOP_ANALYSIS = YES;
				CLANG_WARN_STRICT_PROTOTYPES = YES;
				CLANG_WARN_SUSPICIOUS_MOVE = YES;
				CLANG_WARN_UNGUARDED_AVAILABILITY = YES_AGGRESSIVE;
				CLANG_WARN_UNREACHABLE_CODE = YES;
				CLANG_WARN__DUPLICATE_METHOD_MATCH = YES;
				COPY_PHASE_STRIP = NO;
				DEBUG_INFORMATION_FORMAT = "dwarf-with-dsym";
				ENABLE_NS_ASSERTIONS = NO;
				ENABLE_STRICT_OBJC_MSGSEND = YES;
				GCC_C_LANGUAGE_STANDARD = gnu11;
				GCC_NO_COMMON_BLOCKS = YES;
				GCC_WARN_64_TO_32_BIT_CONVERSION = YES;
				GCC_WARN_ABOUT_RETURN_TYPE = YES_ERROR;
				GCC_WARN_UNDECLARED_SELECTOR = YES;
				GCC_WARN_UNINITIALIZED_AUTOS = YES_AGGRESSIVE;
				GCC_WARN_UNUSED_FUNCTION = YES;
				GCC_WARN_UNUSED_VARIABLE = YES;
				IPHONEOS_DEPLOYMENT_TARGET = 13.0;
				MTL_ENABLE_DEBUG_INFO = NO;
				MTL_FAST_MATH = YES;
				SDKROOT = iphoneos;
				SWIFT_COMPILATION_MODE = wholemodule;
				SWIFT_OPTIMIZATION_LEVEL = "-O";
				VALIDATE_PRODUCT = YES;
			};
			name = Release;
		};
		A979919D2342B8AC007063F9 /* Debug */ = {
			isa = XCBuildConfiguration;
			buildSettings = {
				ASSETCATALOG_COMPILER_APPICON_NAME = AppIcon;
				CODE_SIGN_STYLE = Automatic;
				INFOPLIST_FILE = Notto/Info.plist;
				LD_RUNPATH_SEARCH_PATHS = (
					"$(inherited)",
					"@executable_path/Frameworks",
				);
				PRODUCT_BUNDLE_IDENTIFIER = com.dorado.Notto;
				PRODUCT_NAME = "$(TARGET_NAME)";
				SWIFT_VERSION = 5.0;
				TARGETED_DEVICE_FAMILY = "1,2";
			};
			name = Debug;
		};
		A979919E2342B8AC007063F9 /* Release */ = {
			isa = XCBuildConfiguration;
			buildSettings = {
				ASSETCATALOG_COMPILER_APPICON_NAME = AppIcon;
				CODE_SIGN_STYLE = Automatic;
				INFOPLIST_FILE = Notto/Info.plist;
				LD_RUNPATH_SEARCH_PATHS = (
					"$(inherited)",
					"@executable_path/Frameworks",
				);
				PRODUCT_BUNDLE_IDENTIFIER = com.dorado.Notto;
				PRODUCT_NAME = "$(TARGET_NAME)";
				SWIFT_VERSION = 5.0;
				TARGETED_DEVICE_FAMILY = "1,2";
			};
			name = Release;
		};
/* End XCBuildConfiguration section */

/* Begin XCConfigurationList section */
		A97991832342B8A9007063F9 /* Build configuration list for PBXProject "Notto" */ = {
			isa = XCConfigurationList;
			buildConfigurations = (
				A979919A2342B8AC007063F9 /* Debug */,
				A979919B2342B8AC007063F9 /* Release */,
			);
			defaultConfigurationIsVisible = 0;
			defaultConfigurationName = Release;
		};
		A979919C2342B8AC007063F9 /* Build configuration list for PBXNativeTarget "Notto" */ = {
			isa = XCConfigurationList;
			buildConfigurations = (
				A979919D2342B8AC007063F9 /* Debug */,
				A979919E2342B8AC007063F9 /* Release */,
			);
			defaultConfigurationIsVisible = 0;
			defaultConfigurationName = Release;
		};
/* End XCConfigurationList section */
	};
	rootObject = A97991802342B8A9007063F9 /* Project object */;
}
